
Microsoft Visual Studio Solution File, Format Version 12.00
# Visual Studio 15
VisualStudioVersion = 15.0.26730.10
MinimumVisualStudioVersion = 10.0.40219.1

Project("{6EC3EE1D-3C4E-46DD-8F32-0CC8E7565705}") = "FabulousPeople", "FabulousPeople\FabulousPeople.fsproj", "{2844201C-81DF-4843-A9F0-9CED683B0EFE}"
EndProject





Project("{F2A71F9B-5D33-465A-A702-920D77279786}") = "FabulousPeople.WPF", "FabulousPeople.WPF\FabulousPeople.WPF.fsproj", "{CC3A1765-E964-4A7C-B413-63D322144F2A}"
EndProject


Global
	GlobalSection(SolutionConfigurationPlatforms) = preSolution
		Ad-Hoc|Any CPU = Ad-Hoc|Any CPU
		Ad-Hoc|ARM = Ad-Hoc|ARM
		Ad-Hoc|iPhone = Ad-Hoc|iPhone
		Ad-Hoc|iPhoneSimulator = Ad-Hoc|iPhoneSimulator
		Ad-Hoc|x64 = Ad-Hoc|x64
		Ad-Hoc|x86 = Ad-Hoc|x86
		AppStore|Any CPU = AppStore|Any CPU
		AppStore|ARM = AppStore|ARM
		AppStore|iPhone = AppStore|iPhone
		AppStore|iPhoneSimulator = AppStore|iPhoneSimulator
		AppStore|x64 = AppStore|x64
		AppStore|x86 = AppStore|x86
		Debug|Any CPU = Debug|Any CPU
		Debug|ARM = Debug|ARM
		Debug|iPhone = Debug|iPhone
		Debug|iPhoneSimulator = Debug|iPhoneSimulator
		Debug|x64 = Debug|x64
		Debug|x86 = Debug|x86
		Release|Any CPU = Release|Any CPU
		Release|ARM = Release|ARM
		Release|iPhone = Release|iPhone
		Release|iPhoneSimulator = Release|iPhoneSimulator
		Release|x64 = Release|x64
		Release|x86 = Release|x86
	EndGlobalSection
	GlobalSection(ProjectConfigurationPlatforms) = postSolution
		{2844201C-81DF-4843-A9F0-9CED683B0EFE}.Ad-Hoc|Any CPU.ActiveCfg = Debug|Any CPU
		{2844201C-81DF-4843-A9F0-9CED683B0EFE}.Ad-Hoc|Any CPU.Build.0 = Debug|Any CPU
		{2844201C-81DF-4843-A9F0-9CED683B0EFE}.Ad-Hoc|ARM.ActiveCfg = Debug|Any CPU
		{2844201C-81DF-4843-A9F0-9CED683B0EFE}.Ad-Hoc|ARM.Build.0 = Debug|Any CPU
		{2844201C-81DF-4843-A9F0-9CED683B0EFE}.Ad-Hoc|iPhone.ActiveCfg = Debug|Any CPU
		{2844201C-81DF-4843-A9F0-9CED683B0EFE}.Ad-Hoc|iPhone.Build.0 = Debug|Any CPU
		{2844201C-81DF-4843-A9F0-9CED683B0EFE}.Ad-Hoc|iPhoneSimulator.ActiveCfg = Debug|Any CPU
		{2844201C-81DF-4843-A9F0-9CED683B0EFE}.Ad-Hoc|iPhoneSimulator.Build.0 = Debug|Any CPU
		{2844201C-81DF-4843-A9F0-9CED683B0EFE}.Ad-Hoc|x64.ActiveCfg = Debug|Any CPU
		{2844201C-81DF-4843-A9F0-9CED683B0EFE}.Ad-Hoc|x64.Build.0 = Debug|Any CPU
		{2844201C-81DF-4843-A9F0-9CED683B0EFE}.Ad-Hoc|x86.ActiveCfg = Debug|Any CPU
		{2844201C-81DF-4843-A9F0-9CED683B0EFE}.Ad-Hoc|x86.Build.0 = Debug|Any CPU
		{2844201C-81DF-4843-A9F0-9CED683B0EFE}.AppStore|Any CPU.ActiveCfg = Debug|Any CPU
		{2844201C-81DF-4843-A9F0-9CED683B0EFE}.AppStore|Any CPU.Build.0 = Debug|Any CPU
		{2844201C-81DF-4843-A9F0-9CED683B0EFE}.AppStore|ARM.ActiveCfg = Debug|Any CPU
		{2844201C-81DF-4843-A9F0-9CED683B0EFE}.AppStore|ARM.Build.0 = Debug|Any CPU
		{2844201C-81DF-4843-A9F0-9CED683B0EFE}.AppStore|iPhone.ActiveCfg = Debug|Any CPU
		{2844201C-81DF-4843-A9F0-9CED683B0EFE}.AppStore|iPhone.Build.0 = Debug|Any CPU
		{2844201C-81DF-4843-A9F0-9CED683B0EFE}.AppStore|iPhoneSimulator.ActiveCfg = Debug|Any CPU
		{2844201C-81DF-4843-A9F0-9CED683B0EFE}.AppStore|iPhoneSimulator.Build.0 = Debug|Any CPU
		{2844201C-81DF-4843-A9F0-9CED683B0EFE}.AppStore|x64.ActiveCfg = Debug|Any CPU
		{2844201C-81DF-4843-A9F0-9CED683B0EFE}.AppStore|x64.Build.0 = Debug|Any CPU
		{2844201C-81DF-4843-A9F0-9CED683B0EFE}.AppStore|x86.ActiveCfg = Debug|Any CPU
		{2844201C-81DF-4843-A9F0-9CED683B0EFE}.AppStore|x86.Build.0 = Debug|Any CPU
		{2844201C-81DF-4843-A9F0-9CED683B0EFE}.Debug|Any CPU.ActiveCfg = Debug|Any CPU
		{2844201C-81DF-4843-A9F0-9CED683B0EFE}.Debug|Any CPU.Build.0 = Debug|Any CPU
		{2844201C-81DF-4843-A9F0-9CED683B0EFE}.Debug|ARM.ActiveCfg = Debug|Any CPU
		{2844201C-81DF-4843-A9F0-9CED683B0EFE}.Debug|ARM.Build.0 = Debug|Any CPU
		{2844201C-81DF-4843-A9F0-9CED683B0EFE}.Debug|iPhone.ActiveCfg = Debug|Any CPU
		{2844201C-81DF-4843-A9F0-9CED683B0EFE}.Debug|iPhone.Build.0 = Debug|Any CPU
		{2844201C-81DF-4843-A9F0-9CED683B0EFE}.Debug|iPhoneSimulator.ActiveCfg = Debug|Any CPU
		{2844201C-81DF-4843-A9F0-9CED683B0EFE}.Debug|iPhoneSimulator.Build.0 = Debug|Any CPU
		{2844201C-81DF-4843-A9F0-9CED683B0EFE}.Debug|x64.ActiveCfg = Debug|Any CPU
		{2844201C-81DF-4843-A9F0-9CED683B0EFE}.Debug|x64.Build.0 = Debug|Any CPU
		{2844201C-81DF-4843-A9F0-9CED683B0EFE}.Debug|x86.ActiveCfg = Debug|Any CPU
		{2844201C-81DF-4843-A9F0-9CED683B0EFE}.Debug|x86.Build.0 = Debug|Any CPU
		{2844201C-81DF-4843-A9F0-9CED683B0EFE}.Release|Any CPU.ActiveCfg = Release|Any CPU
		{2844201C-81DF-4843-A9F0-9CED683B0EFE}.Release|Any CPU.Build.0 = Release|Any CPU
		{2844201C-81DF-4843-A9F0-9CED683B0EFE}.Release|ARM.ActiveCfg = Release|Any CPU
		{2844201C-81DF-4843-A9F0-9CED683B0EFE}.Release|ARM.Build.0 = Release|Any CPU
		{2844201C-81DF-4843-A9F0-9CED683B0EFE}.Release|iPhone.ActiveCfg = Release|Any CPU
		{2844201C-81DF-4843-A9F0-9CED683B0EFE}.Release|iPhone.Build.0 = Release|Any CPU
		{2844201C-81DF-4843-A9F0-9CED683B0EFE}.Release|iPhoneSimulator.ActiveCfg = Release|Any CPU
		{2844201C-81DF-4843-A9F0-9CED683B0EFE}.Release|iPhoneSimulator.Build.0 = Release|Any CPU
		{2844201C-81DF-4843-A9F0-9CED683B0EFE}.Release|x64.ActiveCfg = Release|Any CPU
		{2844201C-81DF-4843-A9F0-9CED683B0EFE}.Release|x64.Build.0 = Release|Any CPU
		{2844201C-81DF-4843-A9F0-9CED683B0EFE}.Release|x86.ActiveCfg = Release|Any CPU
		{2844201C-81DF-4843-A9F0-9CED683B0EFE}.Release|x86.Build.0 = Release|Any CPU
		{FF47FA67-73A7-4FDB-B031-DDE601073EE9}.Ad-Hoc|Any CPU.ActiveCfg = Ad-Hoc|iPhone
		{FF47FA67-73A7-4FDB-B031-DDE601073EE9}.Ad-Hoc|ARM.ActiveCfg = Ad-Hoc|iPhone
		{FF47FA67-73A7-4FDB-B031-DDE601073EE9}.Ad-Hoc|iPhone.ActiveCfg = Ad-Hoc|iPhone
		{FF47FA67-73A7-4FDB-B031-DDE601073EE9}.Ad-Hoc|iPhone.Build.0 = Ad-Hoc|iPhone
		{FF47FA67-73A7-4FDB-B031-DDE601073EE9}.Ad-Hoc|iPhoneSimulator.ActiveCfg = Ad-Hoc|iPhoneSimulator
		{FF47FA67-73A7-4FDB-B031-DDE601073EE9}.Ad-Hoc|iPhoneSimulator.Build.0 = Ad-Hoc|iPhoneSimulator
		{FF47FA67-73A7-4FDB-B031-DDE601073EE9}.Ad-Hoc|x64.ActiveCfg = Ad-Hoc|iPhone
		{FF47FA67-73A7-4FDB-B031-DDE601073EE9}.Ad-Hoc|x86.ActiveCfg = Ad-Hoc|iPhone
		{FF47FA67-73A7-4FDB-B031-DDE601073EE9}.AppStore|Any CPU.ActiveCfg = AppStore|iPhone
		{FF47FA67-73A7-4FDB-B031-DDE601073EE9}.AppStore|ARM.ActiveCfg = AppStore|iPhone
		{FF47FA67-73A7-4FDB-B031-DDE601073EE9}.AppStore|iPhone.ActiveCfg = AppStore|iPhone
		{FF47FA67-73A7-4FDB-B031-DDE601073EE9}.AppStore|iPhone.Build.0 = AppStore|iPhone
		{FF47FA67-73A7-4FDB-B031-DDE601073EE9}.AppStore|iPhoneSimulator.ActiveCfg = AppStore|iPhoneSimulator
		{FF47FA67-73A7-4FDB-B031-DDE601073EE9}.AppStore|iPhoneSimulator.Build.0 = AppStore|iPhoneSimulator
		{FF47FA67-73A7-4FDB-B031-DDE601073EE9}.AppStore|x64.ActiveCfg = AppStore|iPhone
		{FF47FA67-73A7-4FDB-B031-DDE601073EE9}.AppStore|x86.ActiveCfg = AppStore|iPhone
		{FF47FA67-73A7-4FDB-B031-DDE601073EE9}.Debug|Any CPU.ActiveCfg = Debug|iPhone
		{FF47FA67-73A7-4FDB-B031-DDE601073EE9}.Debug|ARM.ActiveCfg = Debug|iPhone
		{FF47FA67-73A7-4FDB-B031-DDE601073EE9}.Debug|iPhone.ActiveCfg = Debug|iPhone
		{FF47FA67-73A7-4FDB-B031-DDE601073EE9}.Debug|iPhone.Build.0 = Debug|iPhone
		{FF47FA67-73A7-4FDB-B031-DDE601073EE9}.Debug|iPhoneSimulator.ActiveCfg = Debug|iPhoneSimulator
		{FF47FA67-73A7-4FDB-B031-DDE601073EE9}.Debug|iPhoneSimulator.Build.0 = Debug|iPhoneSimulator
		{FF47FA67-73A7-4FDB-B031-DDE601073EE9}.Debug|x64.ActiveCfg = Debug|iPhone
		{FF47FA67-73A7-4FDB-B031-DDE601073EE9}.Debug|x86.ActiveCfg = Debug|iPhone
		{FF47FA67-73A7-4FDB-B031-DDE601073EE9}.Release|Any CPU.ActiveCfg = Release|iPhone
		{FF47FA67-73A7-4FDB-B031-DDE601073EE9}.Release|ARM.ActiveCfg = Release|iPhone
		{FF47FA67-73A7-4FDB-B031-DDE601073EE9}.Release|iPhone.ActiveCfg = Release|iPhone
		{FF47FA67-73A7-4FDB-B031-DDE601073EE9}.Release|iPhone.Build.0 = Release|iPhone
		{FF47FA67-73A7-4FDB-B031-DDE601073EE9}.Release|iPhoneSimulator.ActiveCfg = Release|iPhoneSimulator
		{FF47FA67-73A7-4FDB-B031-DDE601073EE9}.Release|iPhoneSimulator.Build.0 = Release|iPhoneSimulator
		{FF47FA67-73A7-4FDB-B031-DDE601073EE9}.Release|x64.ActiveCfg = Release|iPhone
		{FF47FA67-73A7-4FDB-B031-DDE601073EE9}.Release|x86.ActiveCfg = Release|iPhone
		{2399D652-71F8-4AE2-A347-E6DC37F6A7DA}.Ad-Hoc|Any CPU.ActiveCfg = Release|x86
		{2399D652-71F8-4AE2-A347-E6DC37F6A7DA}.Ad-Hoc|Any CPU.Build.0 = Release|x86
		{2399D652-71F8-4AE2-A347-E6DC37F6A7DA}.Ad-Hoc|Any CPU.Deploy.0 = Release|x86
		{2399D652-71F8-4AE2-A347-E6DC37F6A7DA}.Ad-Hoc|ARM.ActiveCfg = Release|ARM
		{2399D652-71F8-4AE2-A347-E6DC37F6A7DA}.Ad-Hoc|ARM.Build.0 = Release|ARM
		{2399D652-71F8-4AE2-A347-E6DC37F6A7DA}.Ad-Hoc|ARM.Deploy.0 = Release|ARM
		{2399D652-71F8-4AE2-A347-E6DC37F6A7DA}.Ad-Hoc|iPhone.ActiveCfg = Release|x86
		{2399D652-71F8-4AE2-A347-E6DC37F6A7DA}.Ad-Hoc|iPhone.Build.0 = Release|x86
		{2399D652-71F8-4AE2-A347-E6DC37F6A7DA}.Ad-Hoc|iPhone.Deploy.0 = Release|x86
		{2399D652-71F8-4AE2-A347-E6DC37F6A7DA}.Ad-Hoc|iPhoneSimulator.ActiveCfg = Release|x86
		{2399D652-71F8-4AE2-A347-E6DC37F6A7DA}.Ad-Hoc|iPhoneSimulator.Build.0 = Release|x86
		{2399D652-71F8-4AE2-A347-E6DC37F6A7DA}.Ad-Hoc|iPhoneSimulator.Deploy.0 = Release|x86
		{2399D652-71F8-4AE2-A347-E6DC37F6A7DA}.Ad-Hoc|x64.ActiveCfg = Release|x64
		{2399D652-71F8-4AE2-A347-E6DC37F6A7DA}.Ad-Hoc|x64.Build.0 = Release|x64
		{2399D652-71F8-4AE2-A347-E6DC37F6A7DA}.Ad-Hoc|x64.Deploy.0 = Release|x64
		{2399D652-71F8-4AE2-A347-E6DC37F6A7DA}.Ad-Hoc|x86.ActiveCfg = Release|x86
		{2399D652-71F8-4AE2-A347-E6DC37F6A7DA}.Ad-Hoc|x86.Build.0 = Release|x86
		{2399D652-71F8-4AE2-A347-E6DC37F6A7DA}.Ad-Hoc|x86.Deploy.0 = Release|x86
		{2399D652-71F8-4AE2-A347-E6DC37F6A7DA}.AppStore|Any CPU.ActiveCfg = Release|x86
		{2399D652-71F8-4AE2-A347-E6DC37F6A7DA}.AppStore|Any CPU.Build.0 = Release|x86
		{2399D652-71F8-4AE2-A347-E6DC37F6A7DA}.AppStore|Any CPU.Deploy.0 = Release|x86
		{2399D652-71F8-4AE2-A347-E6DC37F6A7DA}.AppStore|ARM.ActiveCfg = Release|ARM
		{2399D652-71F8-4AE2-A347-E6DC37F6A7DA}.AppStore|ARM.Build.0 = Release|ARM
		{2399D652-71F8-4AE2-A347-E6DC37F6A7DA}.AppStore|ARM.Deploy.0 = Release|ARM
		{2399D652-71F8-4AE2-A347-E6DC37F6A7DA}.AppStore|iPhone.ActiveCfg = Release|x86
		{2399D652-71F8-4AE2-A347-E6DC37F6A7DA}.AppStore|iPhone.Build.0 = Release|x86
		{2399D652-71F8-4AE2-A347-E6DC37F6A7DA}.AppStore|iPhone.Deploy.0 = Release|x86
		{2399D652-71F8-4AE2-A347-E6DC37F6A7DA}.AppStore|iPhoneSimulator.ActiveCfg = Release|x86
		{2399D652-71F8-4AE2-A347-E6DC37F6A7DA}.AppStore|iPhoneSimulator.Build.0 = Release|x86
		{2399D652-71F8-4AE2-A347-E6DC37F6A7DA}.AppStore|iPhoneSimulator.Deploy.0 = Release|x86
		{2399D652-71F8-4AE2-A347-E6DC37F6A7DA}.AppStore|x64.ActiveCfg = Release|x64
		{2399D652-71F8-4AE2-A347-E6DC37F6A7DA}.AppStore|x64.Build.0 = Release|x64
		{2399D652-71F8-4AE2-A347-E6DC37F6A7DA}.AppStore|x64.Deploy.0 = Release|x64
		{2399D652-71F8-4AE2-A347-E6DC37F6A7DA}.AppStore|x86.ActiveCfg = Release|x86
		{2399D652-71F8-4AE2-A347-E6DC37F6A7DA}.AppStore|x86.Build.0 = Release|x86
		{2399D652-71F8-4AE2-A347-E6DC37F6A7DA}.AppStore|x86.Deploy.0 = Release|x86
		{2399D652-71F8-4AE2-A347-E6DC37F6A7DA}.Debug|Any CPU.ActiveCfg = Debug|x86
		{2399D652-71F8-4AE2-A347-E6DC37F6A7DA}.Debug|ARM.ActiveCfg = Debug|ARM
		{2399D652-71F8-4AE2-A347-E6DC37F6A7DA}.Debug|ARM.Build.0 = Debug|ARM
		{2399D652-71F8-4AE2-A347-E6DC37F6A7DA}.Debug|ARM.Deploy.0 = Debug|ARM
		{2399D652-71F8-4AE2-A347-E6DC37F6A7DA}.Debug|iPhone.ActiveCfg = Debug|x86
		{2399D652-71F8-4AE2-A347-E6DC37F6A7DA}.Debug|iPhoneSimulator.ActiveCfg = Debug|x86
		{2399D652-71F8-4AE2-A347-E6DC37F6A7DA}.Debug|x64.ActiveCfg = Debug|x64
		{2399D652-71F8-4AE2-A347-E6DC37F6A7DA}.Debug|x64.Build.0 = Debug|x64
		{2399D652-71F8-4AE2-A347-E6DC37F6A7DA}.Debug|x64.Deploy.0 = Debug|x64
		{2399D652-71F8-4AE2-A347-E6DC37F6A7DA}.Debug|x86.ActiveCfg = Debug|x86
		{2399D652-71F8-4AE2-A347-E6DC37F6A7DA}.Debug|x86.Build.0 = Debug|x86
		{2399D652-71F8-4AE2-A347-E6DC37F6A7DA}.Debug|x86.Deploy.0 = Debug|x86
		{2399D652-71F8-4AE2-A347-E6DC37F6A7DA}.Release|Any CPU.ActiveCfg = Release|x86
		{2399D652-71F8-4AE2-A347-E6DC37F6A7DA}.Release|ARM.ActiveCfg = Release|ARM
		{2399D652-71F8-4AE2-A347-E6DC37F6A7DA}.Release|ARM.Build.0 = Release|ARM
		{2399D652-71F8-4AE2-A347-E6DC37F6A7DA}.Release|ARM.Deploy.0 = Release|ARM
		{2399D652-71F8-4AE2-A347-E6DC37F6A7DA}.Release|iPhone.ActiveCfg = Release|x86
		{2399D652-71F8-4AE2-A347-E6DC37F6A7DA}.Release|iPhoneSimulator.ActiveCfg = Release|x86
		{2399D652-71F8-4AE2-A347-E6DC37F6A7DA}.Release|x64.ActiveCfg = Release|x64
		{2399D652-71F8-4AE2-A347-E6DC37F6A7DA}.Release|x64.Build.0 = Release|x64
		{2399D652-71F8-4AE2-A347-E6DC37F6A7DA}.Release|x64.Deploy.0 = Release|x64
		{2399D652-71F8-4AE2-A347-E6DC37F6A7DA}.Release|x86.ActiveCfg = Release|x86
		{2399D652-71F8-4AE2-A347-E6DC37F6A7DA}.Release|x86.Build.0 = Release|x86
		{2399D652-71F8-4AE2-A347-E6DC37F6A7DA}.Release|x86.Deploy.0 = Release|x86
		{68C9FC3D-DDBD-4E8E-8F50-FCFBF028488C}.Ad-Hoc|Any CPU.ActiveCfg = Release|Any CPU
		{68C9FC3D-DDBD-4E8E-8F50-FCFBF028488C}.Ad-Hoc|Any CPU.Build.0 = Release|Any CPU
		{68C9FC3D-DDBD-4E8E-8F50-FCFBF028488C}.Ad-Hoc|ARM.ActiveCfg = Release|Any CPU
		{68C9FC3D-DDBD-4E8E-8F50-FCFBF028488C}.Ad-Hoc|ARM.Build.0 = Release|Any CPU
		{68C9FC3D-DDBD-4E8E-8F50-FCFBF028488C}.Ad-Hoc|iPhone.ActiveCfg = Release|Any CPU
		{68C9FC3D-DDBD-4E8E-8F50-FCFBF028488C}.Ad-Hoc|iPhone.Build.0 = Release|Any CPU
		{68C9FC3D-DDBD-4E8E-8F50-FCFBF028488C}.Ad-Hoc|iPhoneSimulator.ActiveCfg = Release|Any CPU
		{68C9FC3D-DDBD-4E8E-8F50-FCFBF028488C}.Ad-Hoc|iPhoneSimulator.Build.0 = Release|Any CPU
		{68C9FC3D-DDBD-4E8E-8F50-FCFBF028488C}.Ad-Hoc|x64.ActiveCfg = Release|Any CPU
		{68C9FC3D-DDBD-4E8E-8F50-FCFBF028488C}.Ad-Hoc|x64.Build.0 = Release|Any CPU
		{68C9FC3D-DDBD-4E8E-8F50-FCFBF028488C}.Ad-Hoc|x86.ActiveCfg = Release|Any CPU
		{68C9FC3D-DDBD-4E8E-8F50-FCFBF028488C}.Ad-Hoc|x86.Build.0 = Release|Any CPU
		{68C9FC3D-DDBD-4E8E-8F50-FCFBF028488C}.AppStore|Any CPU.ActiveCfg = Release|Any CPU
		{68C9FC3D-DDBD-4E8E-8F50-FCFBF028488C}.AppStore|Any CPU.Build.0 = Release|Any CPU
		{68C9FC3D-DDBD-4E8E-8F50-FCFBF028488C}.AppStore|ARM.ActiveCfg = Release|Any CPU
		{68C9FC3D-DDBD-4E8E-8F50-FCFBF028488C}.AppStore|ARM.Build.0 = Release|Any CPU
		{68C9FC3D-DDBD-4E8E-8F50-FCFBF028488C}.AppStore|iPhone.ActiveCfg = Release|Any CPU
		{68C9FC3D-DDBD-4E8E-8F50-FCFBF028488C}.AppStore|iPhone.Build.0 = Release|Any CPU
		{68C9FC3D-DDBD-4E8E-8F50-FCFBF028488C}.AppStore|iPhoneSimulator.ActiveCfg = Release|Any CPU
		{68C9FC3D-DDBD-4E8E-8F50-FCFBF028488C}.AppStore|iPhoneSimulator.Build.0 = Release|Any CPU
		{68C9FC3D-DDBD-4E8E-8F50-FCFBF028488C}.AppStore|x64.ActiveCfg = Release|Any CPU
		{68C9FC3D-DDBD-4E8E-8F50-FCFBF028488C}.AppStore|x64.Build.0 = Release|Any CPU
		{68C9FC3D-DDBD-4E8E-8F50-FCFBF028488C}.AppStore|x86.ActiveCfg = Release|Any CPU
		{68C9FC3D-DDBD-4E8E-8F50-FCFBF028488C}.AppStore|x86.Build.0 = Release|Any CPU
		{68C9FC3D-DDBD-4E8E-8F50-FCFBF028488C}.Debug|Any CPU.ActiveCfg = Debug|Any CPU
		{68C9FC3D-DDBD-4E8E-8F50-FCFBF028488C}.Debug|Any CPU.Build.0 = Debug|Any CPU
		{68C9FC3D-DDBD-4E8E-8F50-FCFBF028488C}.Debug|ARM.ActiveCfg = Debug|Any CPU
		{68C9FC3D-DDBD-4E8E-8F50-FCFBF028488C}.Debug|ARM.Build.0 = Debug|Any CPU
		{68C9FC3D-DDBD-4E8E-8F50-FCFBF028488C}.Debug|iPhone.ActiveCfg = Debug|Any CPU
		{68C9FC3D-DDBD-4E8E-8F50-FCFBF028488C}.Debug|iPhone.Build.0 = Debug|Any CPU
		{68C9FC3D-DDBD-4E8E-8F50-FCFBF028488C}.Debug|iPhoneSimulator.ActiveCfg = Debug|Any CPU
		{68C9FC3D-DDBD-4E8E-8F50-FCFBF028488C}.Debug|iPhoneSimulator.Build.0 = Debug|Any CPU
		{68C9FC3D-DDBD-4E8E-8F50-FCFBF028488C}.Debug|x64.ActiveCfg = Debug|Any CPU
		{68C9FC3D-DDBD-4E8E-8F50-FCFBF028488C}.Debug|x64.Build.0 = Debug|Any CPU
		{68C9FC3D-DDBD-4E8E-8F50-FCFBF028488C}.Debug|x86.ActiveCfg = Debug|Any CPU
		{68C9FC3D-DDBD-4E8E-8F50-FCFBF028488C}.Debug|x86.Build.0 = Debug|Any CPU
		{68C9FC3D-DDBD-4E8E-8F50-FCFBF028488C}.Release|Any CPU.ActiveCfg = Release|Any CPU
		{68C9FC3D-DDBD-4E8E-8F50-FCFBF028488C}.Release|Any CPU.Build.0 = Release|Any CPU
		{68C9FC3D-DDBD-4E8E-8F50-FCFBF028488C}.Release|ARM.ActiveCfg = Release|Any CPU
		{68C9FC3D-DDBD-4E8E-8F50-FCFBF028488C}.Release|ARM.Build.0 = Release|Any CPU
		{68C9FC3D-DDBD-4E8E-8F50-FCFBF028488C}.Release|iPhone.ActiveCfg = Release|Any CPU
		{68C9FC3D-DDBD-4E8E-8F50-FCFBF028488C}.Release|iPhone.Build.0 = Release|Any CPU
		{68C9FC3D-DDBD-4E8E-8F50-FCFBF028488C}.Release|iPhoneSimulator.ActiveCfg = Release|Any CPU
		{68C9FC3D-DDBD-4E8E-8F50-FCFBF028488C}.Release|iPhoneSimulator.Build.0 = Release|Any CPU
		{68C9FC3D-DDBD-4E8E-8F50-FCFBF028488C}.Release|x64.ActiveCfg = Release|Any CPU
		{68C9FC3D-DDBD-4E8E-8F50-FCFBF028488C}.Release|x64.Build.0 = Release|Any CPU
		{68C9FC3D-DDBD-4E8E-8F50-FCFBF028488C}.Release|x86.ActiveCfg = Release|Any CPU
		{68C9FC3D-DDBD-4E8E-8F50-FCFBF028488C}.Release|x86.Build.0 = Release|Any CPU
		{CC3A1765-E964-4A7C-B413-63D322144F2A}.Ad-Hoc|Any CPU.ActiveCfg = Release|Any CPU
		{CC3A1765-E964-4A7C-B413-63D322144F2A}.Ad-Hoc|Any CPU.Build.0 = Release|Any CPU
		{CC3A1765-E964-4A7C-B413-63D322144F2A}.Ad-Hoc|ARM.ActiveCfg = Release|Any CPU
		{CC3A1765-E964-4A7C-B413-63D322144F2A}.Ad-Hoc|ARM.Build.0 = Release|Any CPU
		{CC3A1765-E964-4A7C-B413-63D322144F2A}.Ad-Hoc|iPhone.ActiveCfg = Release|Any CPU
		{CC3A1765-E964-4A7C-B413-63D322144F2A}.Ad-Hoc|iPhone.Build.0 = Release|Any CPU
		{CC3A1765-E964-4A7C-B413-63D322144F2A}.Ad-Hoc|iPhoneSimulator.ActiveCfg = Release|Any CPU
		{CC3A1765-E964-4A7C-B413-63D322144F2A}.Ad-Hoc|iPhoneSimulator.Build.0 = Release|Any CPU
		{CC3A1765-E964-4A7C-B413-63D322144F2A}.Ad-Hoc|x64.ActiveCfg = Release|Any CPU
		{CC3A1765-E964-4A7C-B413-63D322144F2A}.Ad-Hoc|x64.Build.0 = Release|Any CPU
		{CC3A1765-E964-4A7C-B413-63D322144F2A}.Ad-Hoc|x86.ActiveCfg = Release|Any CPU
		{CC3A1765-E964-4A7C-B413-63D322144F2A}.Ad-Hoc|x86.Build.0 = Release|Any CPU
		{CC3A1765-E964-4A7C-B413-63D322144F2A}.AppStore|Any CPU.ActiveCfg = Release|Any CPU
		{CC3A1765-E964-4A7C-B413-63D322144F2A}.AppStore|Any CPU.Build.0 = Release|Any CPU
		{CC3A1765-E964-4A7C-B413-63D322144F2A}.AppStore|ARM.ActiveCfg = Release|Any CPU
		{CC3A1765-E964-4A7C-B413-63D322144F2A}.AppStore|ARM.Build.0 = Release|Any CPU
		{CC3A1765-E964-4A7C-B413-63D322144F2A}.AppStore|iPhone.ActiveCfg = Release|Any CPU
		{CC3A1765-E964-4A7C-B413-63D322144F2A}.AppStore|iPhone.Build.0 = Release|Any CPU
		{CC3A1765-E964-4A7C-B413-63D322144F2A}.AppStore|iPhoneSimulator.ActiveCfg = Release|Any CPU
		{CC3A1765-E964-4A7C-B413-63D322144F2A}.AppStore|iPhoneSimulator.Build.0 = Release|Any CPU
		{CC3A1765-E964-4A7C-B413-63D322144F2A}.AppStore|x64.ActiveCfg = Release|Any CPU
		{CC3A1765-E964-4A7C-B413-63D322144F2A}.AppStore|x64.Build.0 = Release|Any CPU
		{CC3A1765-E964-4A7C-B413-63D322144F2A}.AppStore|x86.ActiveCfg = Release|Any CPU
		{CC3A1765-E964-4A7C-B413-63D322144F2A}.AppStore|x86.Build.0 = Release|Any CPU
		{CC3A1765-E964-4A7C-B413-63D322144F2A}.Debug|Any CPU.ActiveCfg = Debug|Any CPU
		{CC3A1765-E964-4A7C-B413-63D322144F2A}.Debug|Any CPU.Build.0 = Debug|Any CPU
		{CC3A1765-E964-4A7C-B413-63D322144F2A}.Debug|ARM.ActiveCfg = Debug|Any CPU
		{CC3A1765-E964-4A7C-B413-63D322144F2A}.Debug|ARM.Build.0 = Debug|Any CPU
		{CC3A1765-E964-4A7C-B413-63D322144F2A}.Debug|iPhone.ActiveCfg = Debug|Any CPU
		{CC3A1765-E964-4A7C-B413-63D322144F2A}.Debug|iPhone.Build.0 = Debug|Any CPU
		{CC3A1765-E964-4A7C-B413-63D322144F2A}.Debug|iPhoneSimulator.ActiveCfg = Debug|Any CPU
		{CC3A1765-E964-4A7C-B413-63D322144F2A}.Debug|iPhoneSimulator.Build.0 = Debug|Any CPU
		{CC3A1765-E964-4A7C-B413-63D322144F2A}.Debug|x64.ActiveCfg = Debug|Any CPU
		{CC3A1765-E964-4A7C-B413-63D322144F2A}.Debug|x64.Build.0 = Debug|Any CPU
		{CC3A1765-E964-4A7C-B413-63D322144F2A}.Debug|x86.ActiveCfg = Debug|Any CPU
		{CC3A1765-E964-4A7C-B413-63D322144F2A}.Debug|x86.Build.0 = Debug|Any CPU
		{CC3A1765-E964-4A7C-B413-63D322144F2A}.Release|Any CPU.ActiveCfg = Release|Any CPU
		{CC3A1765-E964-4A7C-B413-63D322144F2A}.Release|Any CPU.Build.0 = Release|Any CPU
		{CC3A1765-E964-4A7C-B413-63D322144F2A}.Release|ARM.ActiveCfg = Release|Any CPU
		{CC3A1765-E964-4A7C-B413-63D322144F2A}.Release|ARM.Build.0 = Release|Any CPU
		{CC3A1765-E964-4A7C-B413-63D322144F2A}.Release|iPhone.ActiveCfg = Release|Any CPU
		{CC3A1765-E964-4A7C-B413-63D322144F2A}.Release|iPhone.Build.0 = Release|Any CPU
		{CC3A1765-E964-4A7C-B413-63D322144F2A}.Release|iPhoneSimulator.ActiveCfg = Release|Any CPU
		{CC3A1765-E964-4A7C-B413-63D322144F2A}.Release|iPhoneSimulator.Build.0 = Release|Any CPU
		{CC3A1765-E964-4A7C-B413-63D322144F2A}.Release|x64.ActiveCfg = Release|Any CPU
		{CC3A1765-E964-4A7C-B413-63D322144F2A}.Release|x64.Build.0 = Release|Any CPU
		{CC3A1765-E964-4A7C-B413-63D322144F2A}.Release|x86.ActiveCfg = Release|Any CPU
		{CC3A1765-E964-4A7C-B413-63D322144F2A}.Release|x86.Build.0 = Release|Any CPU
		{818B7E65-893D-47E5-9995-410139B66B67}.Ad-Hoc|Any CPU.ActiveCfg = Release|Any CPU
		{818B7E65-893D-47E5-9995-410139B66B67}.Ad-Hoc|Any CPU.Build.0 = Release|Any CPU
		{818B7E65-893D-47E5-9995-410139B66B67}.Ad-Hoc|ARM.ActiveCfg = Release|Any CPU
		{818B7E65-893D-47E5-9995-410139B66B67}.Ad-Hoc|ARM.Build.0 = Release|Any CPU
		{818B7E65-893D-47E5-9995-410139B66B67}.Ad-Hoc|iPhone.ActiveCfg = Release|Any CPU
		{818B7E65-893D-47E5-9995-410139B66B67}.Ad-Hoc|iPhone.Build.0 = Release|Any CPU
		{818B7E65-893D-47E5-9995-410139B66B67}.Ad-Hoc|iPhoneSimulator.ActiveCfg = Release|Any CPU
		{818B7E65-893D-47E5-9995-410139B66B67}.Ad-Hoc|iPhoneSimulator.Build.0 = Release|Any CPU
		{818B7E65-893D-47E5-9995-410139B66B67}.Ad-Hoc|x64.ActiveCfg = Release|Any CPU
		{818B7E65-893D-47E5-9995-410139B66B67}.Ad-Hoc|x64.Build.0 = Release|Any CPU
		{818B7E65-893D-47E5-9995-410139B66B67}.Ad-Hoc|x86.ActiveCfg = Release|Any CPU
		{818B7E65-893D-47E5-9995-410139B66B67}.Ad-Hoc|x86.Build.0 = Release|Any CPU
		{818B7E65-893D-47E5-9995-410139B66B67}.AppStore|Any CPU.ActiveCfg = Release|Any CPU
		{818B7E65-893D-47E5-9995-410139B66B67}.AppStore|Any CPU.Build.0 = Release|Any CPU
		{818B7E65-893D-47E5-9995-410139B66B67}.AppStore|ARM.ActiveCfg = Release|Any CPU
		{818B7E65-893D-47E5-9995-410139B66B67}.AppStore|ARM.Build.0 = Release|Any CPU
		{818B7E65-893D-47E5-9995-410139B66B67}.AppStore|iPhone.ActiveCfg = Release|Any CPU
		{818B7E65-893D-47E5-9995-410139B66B67}.AppStore|iPhone.Build.0 = Release|Any CPU
		{818B7E65-893D-47E5-9995-410139B66B67}.AppStore|iPhoneSimulator.ActiveCfg = Release|Any CPU
		{818B7E65-893D-47E5-9995-410139B66B67}.AppStore|iPhoneSimulator.Build.0 = Release|Any CPU
		{818B7E65-893D-47E5-9995-410139B66B67}.AppStore|x64.ActiveCfg = Release|Any CPU
		{818B7E65-893D-47E5-9995-410139B66B67}.AppStore|x64.Build.0 = Release|Any CPU
		{818B7E65-893D-47E5-9995-410139B66B67}.AppStore|x86.ActiveCfg = Release|Any CPU
		{818B7E65-893D-47E5-9995-410139B66B67}.AppStore|x86.Build.0 = Release|Any CPU
		{818B7E65-893D-47E5-9995-410139B66B67}.Debug|Any CPU.ActiveCfg = Debug|Any CPU
		{818B7E65-893D-47E5-9995-410139B66B67}.Debug|Any CPU.Build.0 = Debug|Any CPU
		{818B7E65-893D-47E5-9995-410139B66B67}.Debug|Any CPU.Deploy.0 = Debug|Any CPU
		{818B7E65-893D-47E5-9995-410139B66B67}.Debug|ARM.ActiveCfg = Debug|Any CPU
		{818B7E65-893D-47E5-9995-410139B66B67}.Debug|ARM.Build.0 = Debug|Any CPU
		{818B7E65-893D-47E5-9995-410139B66B67}.Debug|iPhone.ActiveCfg = Debug|Any CPU
		{818B7E65-893D-47E5-9995-410139B66B67}.Debug|iPhone.Build.0 = Debug|Any CPU
		{818B7E65-893D-47E5-9995-410139B66B67}.Debug|iPhoneSimulator.ActiveCfg = Debug|Any CPU
		{818B7E65-893D-47E5-9995-410139B66B67}.Debug|iPhoneSimulator.Build.0 = Debug|Any CPU
		{818B7E65-893D-47E5-9995-410139B66B67}.Debug|x64.ActiveCfg = Debug|Any CPU
		{818B7E65-893D-47E5-9995-410139B66B67}.Debug|x64.Build.0 = Debug|Any CPU
		{818B7E65-893D-47E5-9995-410139B66B67}.Debug|x86.ActiveCfg = Debug|Any CPU
		{818B7E65-893D-47E5-9995-410139B66B67}.Debug|x86.Build.0 = Debug|Any CPU
		{818B7E65-893D-47E5-9995-410139B66B67}.Release|Any CPU.ActiveCfg = Release|Any CPU
		{818B7E65-893D-47E5-9995-410139B66B67}.Release|Any CPU.Build.0 = Release|Any CPU
		{818B7E65-893D-47E5-9995-410139B66B67}.Release|Any CPU.Deploy.0 = Release|Any CPU
		{818B7E65-893D-47E5-9995-410139B66B67}.Release|ARM.ActiveCfg = Release|Any CPU
		{818B7E65-893D-47E5-9995-410139B66B67}.Release|ARM.Build.0 = Release|Any CPU
		{818B7E65-893D-47E5-9995-410139B66B67}.Release|iPhone.ActiveCfg = Release|Any CPU
		{818B7E65-893D-47E5-9995-410139B66B67}.Release|iPhone.Build.0 = Release|Any CPU
		{818B7E65-893D-47E5-9995-410139B66B67}.Release|iPhoneSimulator.ActiveCfg = Release|Any CPU
		{818B7E65-893D-47E5-9995-410139B66B67}.Release|iPhoneSimulator.Build.0 = Release|Any CPU
		{818B7E65-893D-47E5-9995-410139B66B67}.Release|x64.ActiveCfg = Release|Any CPU
		{818B7E65-893D-47E5-9995-410139B66B67}.Release|x64.Build.0 = Release|Any CPU
		{818B7E65-893D-47E5-9995-410139B66B67}.Release|x86.ActiveCfg = Release|Any CPU
		{818B7E65-893D-47E5-9995-410139B66B67}.Release|x86.Build.0 = Release|Any CPU
		{A3419874-6B55-4CBB-923E-D504F7FD9600}.Ad-Hoc|Any CPU.ActiveCfg = Release|Any CPU
		{A3419874-6B55-4CBB-923E-D504F7FD9600}.Ad-Hoc|Any CPU.Build.0 = Release|Any CPU
		{A3419874-6B55-4CBB-923E-D504F7FD9600}.Ad-Hoc|ARM.ActiveCfg = Release|Any CPU
		{A3419874-6B55-4CBB-923E-D504F7FD9600}.Ad-Hoc|ARM.Build.0 = Release|Any CPU
		{A3419874-6B55-4CBB-923E-D504F7FD9600}.Ad-Hoc|iPhone.ActiveCfg = Release|Any CPU
		{A3419874-6B55-4CBB-923E-D504F7FD9600}.Ad-Hoc|iPhone.Build.0 = Release|Any CPU
		{A3419874-6B55-4CBB-923E-D504F7FD9600}.Ad-Hoc|iPhoneSimulator.ActiveCfg = Release|Any CPU
		{A3419874-6B55-4CBB-923E-D504F7FD9600}.Ad-Hoc|iPhoneSimulator.Build.0 = Release|Any CPU
		{A3419874-6B55-4CBB-923E-D504F7FD9600}.Ad-Hoc|x64.ActiveCfg = Release|Any CPU
		{A3419874-6B55-4CBB-923E-D504F7FD9600}.Ad-Hoc|x64.Build.0 = Release|Any CPU
		{A3419874-6B55-4CBB-923E-D504F7FD9600}.Ad-Hoc|x86.ActiveCfg = Release|Any CPU
		{A3419874-6B55-4CBB-923E-D504F7FD9600}.Ad-Hoc|x86.Build.0 = Release|Any CPU
		{A3419874-6B55-4CBB-923E-D504F7FD9600}.AppStore|Any CPU.ActiveCfg = Release|Any CPU
		{A3419874-6B55-4CBB-923E-D504F7FD9600}.AppStore|Any CPU.Build.0 = Release|Any CPU
		{A3419874-6B55-4CBB-923E-D504F7FD9600}.AppStore|ARM.ActiveCfg = Release|Any CPU
		{A3419874-6B55-4CBB-923E-D504F7FD9600}.AppStore|ARM.Build.0 = Release|Any CPU
		{A3419874-6B55-4CBB-923E-D504F7FD9600}.AppStore|iPhone.ActiveCfg = Release|Any CPU
		{A3419874-6B55-4CBB-923E-D504F7FD9600}.AppStore|iPhone.Build.0 = Release|Any CPU
		{A3419874-6B55-4CBB-923E-D504F7FD9600}.AppStore|iPhoneSimulator.ActiveCfg = Release|Any CPU
		{A3419874-6B55-4CBB-923E-D504F7FD9600}.AppStore|iPhoneSimulator.Build.0 = Release|Any CPU
		{A3419874-6B55-4CBB-923E-D504F7FD9600}.AppStore|x64.ActiveCfg = Release|Any CPU
		{A3419874-6B55-4CBB-923E-D504F7FD9600}.AppStore|x64.Build.0 = Release|Any CPU
		{A3419874-6B55-4CBB-923E-D504F7FD9600}.AppStore|x86.ActiveCfg = Release|Any CPU
		{A3419874-6B55-4CBB-923E-D504F7FD9600}.AppStore|x86.Build.0 = Release|Any CPU
		{A3419874-6B55-4CBB-923E-D504F7FD9600}.Debug|Any CPU.ActiveCfg = Debug|Any CPU
		{A3419874-6B55-4CBB-923E-D504F7FD9600}.Debug|Any CPU.Build.0 = Debug|Any CPU
		{A3419874-6B55-4CBB-923E-D504F7FD9600}.Debug|ARM.ActiveCfg = Debug|Any CPU
		{A3419874-6B55-4CBB-923E-D504F7FD9600}.Debug|ARM.Build.0 = Debug|Any CPU
		{A3419874-6B55-4CBB-923E-D504F7FD9600}.Debug|iPhone.ActiveCfg = Debug|Any CPU
		{A3419874-6B55-4CBB-923E-D504F7FD9600}.Debug|iPhone.Build.0 = Debug|Any CPU
		{A3419874-6B55-4CBB-923E-D504F7FD9600}.Debug|iPhoneSimulator.ActiveCfg = Debug|Any CPU
		{A3419874-6B55-4CBB-923E-D504F7FD9600}.Debug|iPhoneSimulator.Build.0 = Debug|Any CPU
		{A3419874-6B55-4CBB-923E-D504F7FD9600}.Debug|x64.ActiveCfg = Debug|Any CPU
		{A3419874-6B55-4CBB-923E-D504F7FD9600}.Debug|x64.Build.0 = Debug|Any CPU
		{A3419874-6B55-4CBB-923E-D504F7FD9600}.Debug|x86.ActiveCfg = Debug|Any CPU
		{A3419874-6B55-4CBB-923E-D504F7FD9600}.Debug|x86.Build.0 = Debug|Any CPU
		{A3419874-6B55-4CBB-923E-D504F7FD9600}.Release|Any CPU.ActiveCfg = Release|Any CPU
		{A3419874-6B55-4CBB-923E-D504F7FD9600}.Release|Any CPU.Build.0 = Release|Any CPU
		{A3419874-6B55-4CBB-923E-D504F7FD9600}.Release|ARM.ActiveCfg = Release|Any CPU
		{A3419874-6B55-4CBB-923E-D504F7FD9600}.Release|ARM.Build.0 = Release|Any CPU
		{A3419874-6B55-4CBB-923E-D504F7FD9600}.Release|iPhone.ActiveCfg = Release|Any CPU
		{A3419874-6B55-4CBB-923E-D504F7FD9600}.Release|iPhone.Build.0 = Release|Any CPU
		{A3419874-6B55-4CBB-923E-D504F7FD9600}.Release|iPhoneSimulator.ActiveCfg = Release|Any CPU
		{A3419874-6B55-4CBB-923E-D504F7FD9600}.Release|iPhoneSimulator.Build.0 = Release|Any CPU
		{A3419874-6B55-4CBB-923E-D504F7FD9600}.Release|x64.ActiveCfg = Release|Any CPU
		{A3419874-6B55-4CBB-923E-D504F7FD9600}.Release|x64.Build.0 = Release|Any CPU
		{A3419874-6B55-4CBB-923E-D504F7FD9600}.Release|x86.ActiveCfg = Release|Any CPU
		{A3419874-6B55-4CBB-923E-D504F7FD9600}.Release|x86.Build.0 = Release|Any CPU
		{CE4379EE-022D-440D-97FC-CC92072F490F}.Ad-Hoc|Any CPU.ActiveCfg = Release|x64
		{CE4379EE-022D-440D-97FC-CC92072F490F}.Ad-Hoc|Any CPU.Build.0 = Release|x64
		{CE4379EE-022D-440D-97FC-CC92072F490F}.Ad-Hoc|Any CPU.Deploy.0 = Release|x64
		{CE4379EE-022D-440D-97FC-CC92072F490F}.Ad-Hoc|ARM.ActiveCfg = Release|ARM
		{CE4379EE-022D-440D-97FC-CC92072F490F}.Ad-Hoc|ARM.Build.0 = Release|ARM
		{CE4379EE-022D-440D-97FC-CC92072F490F}.Ad-Hoc|ARM.Deploy.0 = Release|ARM
		{CE4379EE-022D-440D-97FC-CC92072F490F}.Ad-Hoc|ARM64.ActiveCfg = Release|ARM64
		{CE4379EE-022D-440D-97FC-CC92072F490F}.Ad-Hoc|ARM64.Build.0 = Release|ARM64
		{CE4379EE-022D-440D-97FC-CC92072F490F}.Ad-Hoc|ARM64.Deploy.0 = Release|ARM64
		{CE4379EE-022D-440D-97FC-CC92072F490F}.Ad-Hoc|iPhone.ActiveCfg = Release|x64
		{CE4379EE-022D-440D-97FC-CC92072F490F}.Ad-Hoc|iPhone.Build.0 = Release|x64
		{CE4379EE-022D-440D-97FC-CC92072F490F}.Ad-Hoc|iPhone.Deploy.0 = Release|x64
		{CE4379EE-022D-440D-97FC-CC92072F490F}.Ad-Hoc|iPhoneSimulator.ActiveCfg = Release|x64
		{CE4379EE-022D-440D-97FC-CC92072F490F}.Ad-Hoc|iPhoneSimulator.Build.0 = Release|x64
		{CE4379EE-022D-440D-97FC-CC92072F490F}.Ad-Hoc|iPhoneSimulator.Deploy.0 = Release|x64
		{CE4379EE-022D-440D-97FC-CC92072F490F}.Ad-Hoc|x64.ActiveCfg = Release|x64
		{CE4379EE-022D-440D-97FC-CC92072F490F}.Ad-Hoc|x64.Build.0 = Release|x64
		{CE4379EE-022D-440D-97FC-CC92072F490F}.Ad-Hoc|x64.Deploy.0 = Release|x64
		{CE4379EE-022D-440D-97FC-CC92072F490F}.Ad-Hoc|x86.ActiveCfg = Release|x86
		{CE4379EE-022D-440D-97FC-CC92072F490F}.Ad-Hoc|x86.Build.0 = Release|x86
		{CE4379EE-022D-440D-97FC-CC92072F490F}.Ad-Hoc|x86.Deploy.0 = Release|x86
		{CE4379EE-022D-440D-97FC-CC92072F490F}.AppStore|Any CPU.ActiveCfg = Release|x64
		{CE4379EE-022D-440D-97FC-CC92072F490F}.AppStore|Any CPU.Build.0 = Release|x64
		{CE4379EE-022D-440D-97FC-CC92072F490F}.AppStore|Any CPU.Deploy.0 = Release|x64
		{CE4379EE-022D-440D-97FC-CC92072F490F}.AppStore|ARM.ActiveCfg = Release|ARM
		{CE4379EE-022D-440D-97FC-CC92072F490F}.AppStore|ARM.Build.0 = Release|ARM
		{CE4379EE-022D-440D-97FC-CC92072F490F}.AppStore|ARM.Deploy.0 = Release|ARM
		{CE4379EE-022D-440D-97FC-CC92072F490F}.AppStore|ARM64.ActiveCfg = Release|ARM64
		{CE4379EE-022D-440D-97FC-CC92072F490F}.AppStore|ARM64.Build.0 = Release|ARM64
		{CE4379EE-022D-440D-97FC-CC92072F490F}.AppStore|ARM64.Deploy.0 = Release|ARM64
		{CE4379EE-022D-440D-97FC-CC92072F490F}.AppStore|iPhone.ActiveCfg = Release|x64
		{CE4379EE-022D-440D-97FC-CC92072F490F}.AppStore|iPhone.Build.0 = Release|x64
		{CE4379EE-022D-440D-97FC-CC92072F490F}.AppStore|iPhone.Deploy.0 = Release|x64
		{CE4379EE-022D-440D-97FC-CC92072F490F}.AppStore|iPhoneSimulator.ActiveCfg = Release|x64
		{CE4379EE-022D-440D-97FC-CC92072F490F}.AppStore|iPhoneSimulator.Build.0 = Release|x64
		{CE4379EE-022D-440D-97FC-CC92072F490F}.AppStore|iPhoneSimulator.Deploy.0 = Release|x64
		{CE4379EE-022D-440D-97FC-CC92072F490F}.AppStore|x64.ActiveCfg = Release|x64
		{CE4379EE-022D-440D-97FC-CC92072F490F}.AppStore|x64.Build.0 = Release|x64
		{CE4379EE-022D-440D-97FC-CC92072F490F}.AppStore|x64.Deploy.0 = Release|x64
		{CE4379EE-022D-440D-97FC-CC92072F490F}.AppStore|x86.ActiveCfg = Release|x86
		{CE4379EE-022D-440D-97FC-CC92072F490F}.AppStore|x86.Build.0 = Release|x86
		{CE4379EE-022D-440D-97FC-CC92072F490F}.AppStore|x86.Deploy.0 = Release|x86
		{CE4379EE-022D-440D-97FC-CC92072F490F}.Debug|Any CPU.ActiveCfg = Debug|x86
		{CE4379EE-022D-440D-97FC-CC92072F490F}.Debug|ARM.ActiveCfg = Debug|ARM
		{CE4379EE-022D-440D-97FC-CC92072F490F}.Debug|ARM.Build.0 = Debug|ARM
		{CE4379EE-022D-440D-97FC-CC92072F490F}.Debug|ARM.Deploy.0 = Debug|ARM
		{CE4379EE-022D-440D-97FC-CC92072F490F}.Debug|ARM64.ActiveCfg = Debug|ARM64
		{CE4379EE-022D-440D-97FC-CC92072F490F}.Debug|ARM64.Build.0 = Debug|ARM64
		{CE4379EE-022D-440D-97FC-CC92072F490F}.Debug|ARM64.Deploy.0 = Debug|ARM64
		{CE4379EE-022D-440D-97FC-CC92072F490F}.Debug|iPhone.ActiveCfg = Debug|x86
		{CE4379EE-022D-440D-97FC-CC92072F490F}.Debug|iPhoneSimulator.ActiveCfg = Debug|x86
		{CE4379EE-022D-440D-97FC-CC92072F490F}.Debug|x64.ActiveCfg = Debug|x64
		{CE4379EE-022D-440D-97FC-CC92072F490F}.Debug|x64.Build.0 = Debug|x64
		{CE4379EE-022D-440D-97FC-CC92072F490F}.Debug|x64.Deploy.0 = Debug|x64
		{CE4379EE-022D-440D-97FC-CC92072F490F}.Debug|x86.ActiveCfg = Debug|x86
		{CE4379EE-022D-440D-97FC-CC92072F490F}.Debug|x86.Build.0 = Debug|x86
		{CE4379EE-022D-440D-97FC-CC92072F490F}.Debug|x86.Deploy.0 = Debug|x86
		{CE4379EE-022D-440D-97FC-CC92072F490F}.Release|Any CPU.ActiveCfg = Release|x86
		{CE4379EE-022D-440D-97FC-CC92072F490F}.Release|ARM.ActiveCfg = Release|ARM
		{CE4379EE-022D-440D-97FC-CC92072F490F}.Release|ARM.Build.0 = Release|ARM
		{CE4379EE-022D-440D-97FC-CC92072F490F}.Release|ARM.Deploy.0 = Release|ARM
		{CE4379EE-022D-440D-97FC-CC92072F490F}.Release|ARM64.ActiveCfg = Release|ARM64
		{CE4379EE-022D-440D-97FC-CC92072F490F}.Release|ARM64.Build.0 = Release|ARM64
		{CE4379EE-022D-440D-97FC-CC92072F490F}.Release|ARM64.Deploy.0 = Release|ARM64
		{CE4379EE-022D-440D-97FC-CC92072F490F}.Release|iPhone.ActiveCfg = Release|x86
		{CE4379EE-022D-440D-97FC-CC92072F490F}.Release|iPhoneSimulator.ActiveCfg = Release|x86
		{CE4379EE-022D-440D-97FC-CC92072F490F}.Release|x64.ActiveCfg = Release|x64
		{CE4379EE-022D-440D-97FC-CC92072F490F}.Release|x64.Build.0 = Release|x64
		{CE4379EE-022D-440D-97FC-CC92072F490F}.Release|x64.Deploy.0 = Release|x64
		{CE4379EE-022D-440D-97FC-CC92072F490F}.Release|x86.ActiveCfg = Release|x86
		{CE4379EE-022D-440D-97FC-CC92072F490F}.Release|x86.Build.0 = Release|x86
		{CE4379EE-022D-440D-97FC-CC92072F490F}.Release|x86.Deploy.0 = Release|x86
	EndGlobalSection
	GlobalSection(SolutionProperties) = preSolution
		HideSolutionNode = FALSE
	EndGlobalSection
	GlobalSection(ExtensibilityGlobals) = postSolution
		SolutionGuid = {F6D05029-56B8-4E45-AF2D-0E76295DDBA2}
	EndGlobalSection
EndGlobal
